
Microsoft Visual Studio Solution File, Format Version 12.00
# Visual Studio Version 16
VisualStudioVersion = 16.0.32413.511
MinimumVisualStudioVersion = 10.0.40219.1
Project("{FAE04EC0-301F-11D3-BF4B-00C04F79EFBC}") = "PepitoSchoolApp.Forms", "PepitoSchoolApp.Forms\PepitoSchoolApp.Forms.csproj", "{C64EA859-AEC6-4DED-B505-EA30D10A216F}"
EndProject
Project("{FAE04EC0-301F-11D3-BF4B-00C04F79EFBC}") = "PepitoSchoolApp.Domain", "PepitoSchoolApp.Domain\PepitoSchoolApp.Domain.csproj", "{2CDA1D4F-5A26-4265-B815-02AB3BAD24DD}"
EndProject
Project("{FAE04EC0-301F-11D3-BF4B-00C04F79EFBC}") = "PepitoSchoolApp.Infraestructure", "PepitoSchoolApp.Infraestructure\PepitoSchoolApp.Infraestructure.csproj", "{77501888-FFC0-4A42-8206-C28A78C585AF}"
EndProject
Project("{FAE04EC0-301F-11D3-BF4B-00C04F79EFBC}") = "PepitoSchoolApp.Applications", "PepitoSchoolApp.Applications\PepitoSchoolApp.Applications.csproj", "{85BCF438-3451-442F-93C4-CA60BD84538D}"
EndProject
Global
	GlobalSection(SolutionConfigurationPlatforms) = preSolution
		Debug|Any CPU = Debug|Any CPU
		Release|Any CPU = Release|Any CPU
	EndGlobalSection
	GlobalSection(ProjectConfigurationPlatforms) = postSolution
		{C64EA859-AEC6-4DED-B505-EA30D10A216F}.Debug|Any CPU.ActiveCfg = Debug|Any CPU
		{C64EA859-AEC6-4DED-B505-EA30D10A216F}.Debug|Any CPU.Build.0 = Debug|Any CPU
		{C64EA859-AEC6-4DED-B505-EA30D10A216F}.Release|Any CPU.ActiveCfg = Release|Any CPU
		{C64EA859-AEC6-4DED-B505-EA30D10A216F}.Release|Any CPU.Build.0 = Release|Any CPU
		{2CDA1D4F-5A26-4265-B815-02AB3BAD24DD}.Debug|Any CPU.ActiveCfg = Debug|Any CPU
		{2CDA1D4F-5A26-4265-B815-02AB3BAD24DD}.Debug|Any CPU.Build.0 = Debug|Any CPU
		{2CDA1D4F-5A26-4265-B815-02AB3BAD24DD}.Release|Any CPU.ActiveCfg = Release|Any CPU
		{2CDA1D4F-5A26-4265-B815-02AB3BAD24DD}.Release|Any CPU.Build.0 = Release|Any CPU
		{77501888-FFC0-4A42-8206-C28A78C585AF}.Debug|Any CPU.ActiveCfg = Debug|Any CPU
		{77501888-FFC0-4A42-8206-C28A78C585AF}.Debug|Any CPU.Build.0 = Debug|Any CPU
		{77501888-FFC0-4A42-8206-C28A78C585AF}.Release|Any CPU.ActiveCfg = Release|Any CPU
		{77501888-FFC0-4A42-8206-C28A78C585AF}.Release|Any CPU.Build.0 = Release|Any CPU
		{85BCF438-3451-442F-93C4-CA60BD84538D}.Debug|Any CPU.ActiveCfg = Debug|Any CPU
		{85BCF438-3451-442F-93C4-CA60BD84538D}.Debug|Any CPU.Build.0 = Debug|Any CPU
		{85BCF438-3451-442F-93C4-CA60BD84538D}.Release|Any CPU.ActiveCfg = Release|Any CPU
		{85BCF438-3451-442F-93C4-CA60BD84538D}.Release|Any CPU.Build.0 = Release|Any CPU
	EndGlobalSection
	GlobalSection(SolutionProperties) = preSolution
		HideSolutionNode = FALSE
	EndGlobalSection
	GlobalSection(ExtensibilityGlobals) = postSolution
		SolutionGuid = {D6A97382-9A96-4F1A-9541-94E77EBDBFEB}
	EndGlobalSection
EndGlobal
